Microsoft Visual Studio Solution File, Format Version 11.00
# Visual Studio 2008

Project("{D518AA52-2D09-8B3A-01A9-1732341F0C14}") = "QuadcopterDemo", "Assembly-CSharp-firstpass-vs.csproj", "{5228F5A4-5960-A29A-7920-299E799AAF0B}"
EndProject
Project("{D518AA52-2D09-8B3A-01A9-1732341F0C14}") = "QuadcopterDemo", "Assembly-CSharp-vs.csproj", "{C72DDEA5-2C7A-0747-2BC5-BACEACB305F1}"
EndProject
Global
	GlobalSection(SolutionConfigurationPlatforms) = preSolution
		Debug|Any CPU = Debug|Any CPU
		Release|Any CPU = Release|Any CPU
	EndGlobalSection
	GlobalSection(ProjectConfigurationPlatforms) = postSolution
		{5228F5A4-5960-A29A-7920-299E799AAF0B}.Debug|Any CPU.ActiveCfg = Debug|Any CPU
		{5228F5A4-5960-A29A-7920-299E799AAF0B}.Debug|Any CPU.Build.0 = Debug|Any CPU
		{5228F5A4-5960-A29A-7920-299E799AAF0B}.Release|Any CPU.ActiveCfg = Release|Any CPU
		{5228F5A4-5960-A29A-7920-299E799AAF0B}.Release|Any CPU.Build.0 = Release|Any CPU
		{C72DDEA5-2C7A-0747-2BC5-BACEACB305F1}.Debug|Any CPU.ActiveCfg = Debug|Any CPU
		{C72DDEA5-2C7A-0747-2BC5-BACEACB305F1}.Debug|Any CPU.Build.0 = Debug|Any CPU
		{C72DDEA5-2C7A-0747-2BC5-BACEACB305F1}.Release|Any CPU.ActiveCfg = Release|Any CPU
		{C72DDEA5-2C7A-0747-2BC5-BACEACB305F1}.Release|Any CPU.Build.0 = Release|Any CPU
	EndGlobalSection
	GlobalSection(SolutionProperties) = preSolution
		HideSolutionNode = FALSE
	EndGlobalSection
										GlobalSection(MonoDevelopProperties) = preSolution
		StartupItem = Assembly-CSharp.csproj
		Policies = $0
		$0.TextStylePolicy = $1
		$1.inheritsSet = null
		$1.scope = text/x-csharp
		$0.CSharpFormattingPolicy = $2
		$2.inheritsSet = Mono
		$2.inheritsScope = text/x-csharp
		$2.scope = text/x-csharp
		$0.TextStylePolicy = $3
		$3.FileWidth = 120
		$3.TabWidth = 4
		$3.EolMarker = Unix
		$3.inheritsSet = Mono
		$3.inheritsScope = text/plain
		$3.scope = text/plain
	EndGlobalSection

EndGlobal
